
Microsoft Visual Studio Solution File, Format Version 11.00
# Visual Studio 2010
Project("{FAE04EC0-301F-11D3-BF4B-00C04F79EFBC}") = "VTT02", "VTT02\VTT02.csproj", "{170711D9-F5FD-4001-91A0-65FF0131C158}"
EndProject
Global
	GlobalSection(SolutionConfigurationPlatforms) = preSolution
		Debug|x86 = Debug|x86
		Release|x86 = Release|x86
	EndGlobalSection
	GlobalSection(ProjectConfigurationPlatforms) = postSolution
		{170711D9-F5FD-4001-91A0-65FF0131C158}.Debug|x86.ActiveCfg = Debug|x86
		{170711D9-F5FD-4001-91A0-65FF0131C158}.Debug|x86.Build.0 = Debug|x86
		{170711D9-F5FD-4001-91A0-65FF0131C158}.Release|x86.ActiveCfg = Release|x86
		{170711D9-F5FD-4001-91A0-65FF0131C158}.Release|x86.Build.0 = Release|x86
	EndGlobalSection
	GlobalSection(SolutionProperties) = preSolution
		HideSolutionNode = FALSE
	EndGlobalSection
EndGlobal
